
Microsoft Visual Studio Solution File, Format Version 12.00
# Visual Studio Version 17
VisualStudioVersion = 17.0.31903.59
MinimumVisualStudioVersion = 10.0.40219.1
Project("{FAE04EC0-301F-11D3-BF4B-00C04F79EFBC}") = "App", "App\App.csproj", "{FCFA052F-7E36-4D93-95E5-BBE0694D1BE3}"
EndProject
Project("{FAE04EC0-301F-11D3-BF4B-00C04F79EFBC}") = "Tests", "Tests\Tests.csproj", "{2A7039F9-E034-4AD5-8AF4-969A36F74791}"
EndProject
Global
	GlobalSection(SolutionConfigurationPlatforms) = preSolution
		Debug|Any CPU = Debug|Any CPU
		Release|Any CPU = Release|Any CPU
	EndGlobalSection
	GlobalSection(SolutionProperties) = preSolution
		HideSolutionNode = FALSE
	EndGlobalSection
	GlobalSection(ProjectConfigurationPlatforms) = postSolution
		{FCFA052F-7E36-4D93-95E5-BBE0694D1BE3}.Debug|Any CPU.ActiveCfg = Debug|Any CPU
		{FCFA052F-7E36-4D93-95E5-BBE0694D1BE3}.Debug|Any CPU.Build.0 = Debug|Any CPU
		{FCFA052F-7E36-4D93-95E5-BBE0694D1BE3}.Release|Any CPU.ActiveCfg = Release|Any CPU
		{FCFA052F-7E36-4D93-95E5-BBE0694D1BE3}.Release|Any CPU.Build.0 = Release|Any CPU
		{2A7039F9-E034-4AD5-8AF4-969A36F74791}.Debug|Any CPU.ActiveCfg = Debug|Any CPU
		{2A7039F9-E034-4AD5-8AF4-969A36F74791}.Debug|Any CPU.Build.0 = Debug|Any CPU
		{2A7039F9-E034-4AD5-8AF4-969A36F74791}.Release|Any CPU.ActiveCfg = Release|Any CPU
		{2A7039F9-E034-4AD5-8AF4-969A36F74791}.Release|Any CPU.Build.0 = Release|Any CPU
	EndGlobalSection
EndGlobal
